// !$*UTF8*$!
{
	archiveVersion = 1;
	classes = {
	};
	objectVersion = 56;
	objects = {

/* Begin PBXBuildFile section */
		FF31F0252995140C006D602B /* lib_test.h in Headers */ = {isa = PBXBuildFile; fileRef = FF31F0232995140C006D602B /* lib_test.h */; };
		FF31F0262995140C006D602B /* lib_test.c in Sources */ = {isa = PBXBuildFile; fileRef = FF31F0242995140C006D602B /* lib_test.c */; };
		FF31F0282995152E006D602B /* libstatic_lib.a in Frameworks */ = {isa = PBXBuildFile; fileRef = FF31F01E29951282006D602B /* libstatic_lib.a */; };
		FF31F02B29952B3E006D602B /* functor.cc in Sources */ = {isa = PBXBuildFile; fileRef = FF31F02929952B3E006D602B /* functor.cc */; };
		FF31F02E29953590006D602B /* structs.cc in Sources */ = {isa = PBXBuildFile; fileRef = FF31F02D29953590006D602B /* structs.cc */; };
		FF31F0312995368A006D602B /* classes.cc in Sources */ = {isa = PBXBuildFile; fileRef = FF31F02F2995368A006D602B /* classes.cc */; };
		FF3DAFFB29950359006AA21A /* main.cc in Sources */ = {isa = PBXBuildFile; fileRef = FF3DAFFA29950359006AA21A /* main.cc */; };
		FF3DB00829950925006AA21A /* main.cc in Sources */ = {isa = PBXBuildFile; fileRef = FF3DB00729950925006AA21A /* main.cc */; };
/* End PBXBuildFile section */

/* Begin PBXCopyFilesBuildPhase section */
		FF3DAFF529950359006AA21A /* CopyFiles */ = {
			isa = PBXCopyFilesBuildPhase;
			buildActionMask = 2147483647;
			dstPath = /usr/share/man/man1/;
			dstSubfolderSpec = 0;
			files = (
			);
			runOnlyForDeploymentPostprocessing = 1;
		};
		FF3DB00329950925006AA21A /* CopyFiles */ = {
			isa = PBXCopyFilesBuildPhase;
			buildActionMask = 2147483647;
			dstPath = /usr/share/man/man1/;
			dstSubfolderSpec = 0;
			files = (
			);
			runOnlyForDeploymentPostprocessing = 1;
		};
/* End PBXCopyFilesBuildPhase section */

/* Begin PBXFileReference section */
		FF31F01E29951282006D602B /* libstatic_lib.a */ = {isa = PBXFileReference; explicitFileType = archive.ar; includeInIndex = 0; path = libstatic_lib.a; sourceTree = BUILT_PRODUCTS_DIR; };
		FF31F0232995140C006D602B /* lib_test.h */ = {isa = PBXFileReference; lastKnownFileType = sourcecode.c.h; path = lib_test.h; sourceTree = "<group>"; };
		FF31F0242995140C006D602B /* lib_test.c */ = {isa = PBXFileReference; lastKnownFileType = sourcecode.c.c; path = lib_test.c; sourceTree = "<group>"; };
		FF31F02929952B3E006D602B /* functor.cc */ = {isa = PBXFileReference; lastKnownFileType = sourcecode.cpp.cpp; path = functor.cc; sourceTree = "<group>"; };
		FF31F02A29952B3E006D602B /* functor.h */ = {isa = PBXFileReference; lastKnownFileType = sourcecode.c.h; path = functor.h; sourceTree = "<group>"; };
		FF31F02C29953590006D602B /* structs.h */ = {isa = PBXFileReference; fileEncoding = 4; lastKnownFileType = sourcecode.c.h; path = structs.h; sourceTree = "<group>"; };
		FF31F02D29953590006D602B /* structs.cc */ = {isa = PBXFileReference; fileEncoding = 4; lastKnownFileType = sourcecode.cpp.cpp; path = structs.cc; sourceTree = "<group>"; };
		FF31F02F2995368A006D602B /* classes.cc */ = {isa = PBXFileReference; fileEncoding = 4; lastKnownFileType = sourcecode.cpp.cpp; path = classes.cc; sourceTree = "<group>"; };
		FF31F0302995368A006D602B /* classes.h */ = {isa = PBXFileReference; fileEncoding = 4; lastKnownFileType = sourcecode.c.h; path = classes.h; sourceTree = "<group>"; };
		FF3DAFF729950359006AA21A /* messing */ = {isa = PBXFileReference; explicitFileType = "compiled.mach-o.executable"; includeInIndex = 0; path = messing; sourceTree = BUILT_PRODUCTS_DIR; };
		FF3DAFFA29950359006AA21A /* main.cc */ = {isa = PBXFileReference; lastKnownFileType = sourcecode.cpp.cpp; path = main.cc; sourceTree = "<group>"; };
		FF3DB00529950925006AA21A /* functor */ = {isa = PBXFileReference; explicitFileType = "compiled.mach-o.executable"; includeInIndex = 0; path = functor; sourceTree = BUILT_PRODUCTS_DIR; };
		FF3DB00729950925006AA21A /* main.cc */ = {isa = PBXFileReference; lastKnownFileType = sourcecode.cpp.cpp; path = main.cc; sourceTree = "<group>"; };
/* End PBXFileReference section */

/* Begin PBXFrameworksBuildPhase section */
		FF31F01C29951282006D602B /* Frameworks */ = {
			isa = PBXFrameworksBuildPhase;
			buildActionMask = 2147483647;
			files = (
			);
			runOnlyForDeploymentPostprocessing = 0;
		};
		FF3DAFF429950359006AA21A /* Frameworks */ = {
			isa = PBXFrameworksBuildPhase;
			buildActionMask = 2147483647;
			files = (
				FF31F0282995152E006D602B /* libstatic_lib.a in Frameworks */,
			);
			runOnlyForDeploymentPostprocessing = 0;
		};
		FF3DB00229950925006AA21A /* Frameworks */ = {
			isa = PBXFrameworksBuildPhase;
			buildActionMask = 2147483647;
			files = (
			);
			runOnlyForDeploymentPostprocessing = 0;
		};
/* End PBXFrameworksBuildPhase section */

/* Begin PBXGroup section */
		FF31F022299512B8006D602B /* static_lib */ = {
			isa = PBXGroup;
			children = (
				FF31F0232995140C006D602B /* lib_test.h */,
				FF31F0242995140C006D602B /* lib_test.c */,
			);
			path = static_lib;
			sourceTree = "<group>";
		};
		FF31F0272995152E006D602B /* Frameworks */ = {
			isa = PBXGroup;
			children = (
			);
			name = Frameworks;
			sourceTree = "<group>";
		};
		FF3DAFEE29950359006AA21A = {
			isa = PBXGroup;
			children = (
				FF3DAFF929950359006AA21A /* messing */,
				FF3DB00629950925006AA21A /* functor */,
				FF31F022299512B8006D602B /* static_lib */,
				FF3DAFF829950359006AA21A /* Products */,
				FF31F0272995152E006D602B /* Frameworks */,
			);
			sourceTree = "<group>";
		};
		FF3DAFF829950359006AA21A /* Products */ = {
			isa = PBXGroup;
			children = (
				FF3DAFF729950359006AA21A /* messing */,
				FF3DB00529950925006AA21A /* functor */,
				FF31F01E29951282006D602B /* libstatic_lib.a */,
			);
			name = Products;
			sourceTree = "<group>";
		};
		FF3DAFF929950359006AA21A /* messing */ = {
			isa = PBXGroup;
			children = (
				FF3DAFFA29950359006AA21A /* main.cc */,
				FF31F02F2995368A006D602B /* classes.cc */,
				FF31F0302995368A006D602B /* classes.h */,
				FF31F02D29953590006D602B /* structs.cc */,
				FF31F02C29953590006D602B /* structs.h */,
			);
			path = messing;
			sourceTree = "<group>";
		};
		FF3DB00629950925006AA21A /* functor */ = {
			isa = PBXGroup;
			children = (
				FF3DB00729950925006AA21A /* main.cc */,
				FF31F02929952B3E006D602B /* functor.cc */,
				FF31F02A29952B3E006D602B /* functor.h */,
			);
			path = functor;
			sourceTree = "<group>";
		};
/* End PBXGroup section */

/* Begin PBXHeadersBuildPhase section */
		FF31F01A29951282006D602B /* Headers */ = {
			isa = PBXHeadersBuildPhase;
			buildActionMask = 2147483647;
			files = (
				FF31F0252995140C006D602B /* lib_test.h in Headers */,
			);
			runOnlyForDeploymentPostprocessing = 0;
		};
/* End PBXHeadersBuildPhase section */

/* Begin PBXNativeTarget section */
		FF31F01D29951282006D602B /* static_lib */ = {
			isa = PBXNativeTarget;
			buildConfigurationList = FF31F02129951282006D602B /* Build configuration list for PBXNativeTarget "static_lib" */;
			buildPhases = (
				FF31F01A29951282006D602B /* Headers */,
				FF31F01B29951282006D602B /* Sources */,
				FF31F01C29951282006D602B /* Frameworks */,
			);
			buildRules = (
			);
			dependencies = (
			);
			name = static_lib;
			productName = static_lib;
			productReference = FF31F01E29951282006D602B /* libstatic_lib.a */;
			productType = "com.apple.product-type.library.static";
		};
		FF3DAFF629950359006AA21A /* messing */ = {
			isa = PBXNativeTarget;
			buildConfigurationList = FF3DAFFE29950359006AA21A /* Build configuration list for PBXNativeTarget "messing" */;
			buildPhases = (
				FF3DAFF329950359006AA21A /* Sources */,
				FF3DAFF429950359006AA21A /* Frameworks */,
				FF3DAFF529950359006AA21A /* CopyFiles */,
			);
			buildRules = (
			);
			dependencies = (
			);
			name = messing;
			productName = messing;
			productReference = FF3DAFF729950359006AA21A /* messing */;
			productType = "com.apple.product-type.tool";
		};
		FF3DB00429950925006AA21A /* functor */ = {
			isa = PBXNativeTarget;
			buildConfigurationList = FF3DB00929950925006AA21A /* Build configuration list for PBXNativeTarget "functor" */;
			buildPhases = (
				FF3DB00129950925006AA21A /* Sources */,
				FF3DB00229950925006AA21A /* Frameworks */,
				FF3DB00329950925006AA21A /* CopyFiles */,
			);
			buildRules = (
			);
			dependencies = (
			);
			name = functor;
			productName = functor;
			productReference = FF3DB00529950925006AA21A /* functor */;
			productType = "com.apple.product-type.tool";
		};
/* End PBXNativeTarget section */

/* Begin PBXProject section */
		FF3DAFEF29950359006AA21A /* Project object */ = {
			isa = PBXProject;
			attributes = {
				BuildIndependentTargetsInParallel = 1;
				LastUpgradeCheck = 1420;
				TargetAttributes = {
					FF31F01D29951282006D602B = {
						CreatedOnToolsVersion = 14.2;
					};
					FF3DAFF629950359006AA21A = {
						CreatedOnToolsVersion = 14.2;
					};
					FF3DB00429950925006AA21A = {
						CreatedOnToolsVersion = 14.2;
					};
				};
			};
			buildConfigurationList = FF3DAFF229950359006AA21A /* Build configuration list for PBXProject "messing" */;
			compatibilityVersion = "Xcode 14.0";
			developmentRegion = en;
			hasScannedForEncodings = 0;
			knownRegions = (
				en,
				Base,
			);
			mainGroup = FF3DAFEE29950359006AA21A;
			productRefGroup = FF3DAFF829950359006AA21A /* Products */;
			projectDirPath = "";
			projectRoot = "";
			targets = (
				FF3DAFF629950359006AA21A /* messing */,
				FF3DB00429950925006AA21A /* functor */,
				FF31F01D29951282006D602B /* static_lib */,
			);
		};
/* End PBXProject section */

/* Begin PBXSourcesBuildPhase section */
		FF31F01B29951282006D602B /* Sources */ = {
			isa = PBXSourcesBuildPhase;
			buildActionMask = 2147483647;
			files = (
				FF31F0262995140C006D602B /* lib_test.c in Sources */,
			);
			runOnlyForDeploymentPostprocessing = 0;
		};
		FF3DAFF329950359006AA21A /* Sources */ = {
			isa = PBXSourcesBuildPhase;
			buildActionMask = 2147483647;
			files = (
				FF31F0312995368A006D602B /* classes.cc in Sources */,
				FF31F02E29953590006D602B /* structs.cc in Sources */,
				FF3DAFFB29950359006AA21A /* main.cc in Sources */,
			);
			runOnlyForDeploymentPostprocessing = 0;
		};
		FF3DB00129950925006AA21A /* Sources */ = {
			isa = PBXSourcesBuildPhase;
			buildActionMask = 2147483647;
			files = (
				FF3DB00829950925006AA21A /* main.cc in Sources */,
				FF31F02B29952B3E006D602B /* functor.cc in Sources */,
			);
			runOnlyForDeploymentPostprocessing = 0;
		};
/* End PBXSourcesBuildPhase section */

/* Begin XCBuildConfiguration section */
		FF31F01F29951282006D602B /* Debug */ = {
			isa = XCBuildConfiguration;
			buildSettings = {
				CODE_SIGN_STYLE = Automatic;
				EXECUTABLE_PREFIX = lib;
				PRODUCT_NAME = "$(TARGET_NAME)";
				SKIP_INSTALL = YES;
			};
			name = Debug;
		};
		FF31F02029951282006D602B /* Release */ = {
			isa = XCBuildConfiguration;
			buildSettings = {
				CODE_SIGN_STYLE = Automatic;
				EXECUTABLE_PREFIX = lib;
				PRODUCT_NAME = "$(TARGET_NAME)";
				SKIP_INSTALL = YES;
			};
			name = Release;
		};
		FF3DAFFC29950359006AA21A /* Debug */ = {
			isa = XCBuildConfiguration;
			buildSettings = {
				ALWAYS_SEARCH_USER_PATHS = NO;
				CLANG_ANALYZER_NONNULL = YES;
				CLANG_ANALYZER_NUMBER_OBJECT_CONVERSION = YES_AGGRESSIVE;
				CLANG_CXX_LANGUAGE_STANDARD = "gnu++20";
				CLANG_ENABLE_MODULES = YES;
				CLANG_ENABLE_OBJC_ARC = YES;
				CLANG_ENABLE_OBJC_WEAK = YES;
				CLANG_WARN_BLOCK_CAPTURE_AUTORELEASING = YES;
				CLANG_WARN_BOOL_CONVERSION = YES;
				CLANG_WARN_COMMA = YES;
				CLANG_WARN_CONSTANT_CONVERSION = YES;
				CLANG_WARN_DEPRECATED_OBJC_IMPLEMENTATIONS = YES;
				CLANG_WARN_DIRECT_OBJC_ISA_USAGE = YES_ERROR;
				CLANG_WARN_DOCUMENTATION_COMMENTS = YES;
				CLANG_WARN_EMPTY_BODY = YES;
				CLANG_WARN_ENUM_CONVERSION = YES;
				CLANG_WARN_INFINITE_RECURSION = YES;
				CLANG_WARN_INT_CONVERSION = YES;
				CLANG_WARN_NON_LITERAL_NULL_CONVERSION = YES;
				CLANG_WARN_OBJC_IMPLICIT_RETAIN_SELF = YES;
				CLANG_WARN_OBJC_LITERAL_CONVERSION = YES;
				CLANG_WARN_OBJC_ROOT_CLASS = YES_ERROR;
				CLANG_WARN_QUOTED_INCLUDE_IN_FRAMEWORK_HEADER = YES;
				CLANG_WARN_RANGE_LOOP_ANALYSIS = YES;
				CLANG_WARN_STRICT_PROTOTYPES = YES;
				CLANG_WARN_SUSPICIOUS_MOVE = YES;
				CLANG_WARN_UNGUARDED_AVAILABILITY = YES_AGGRESSIVE;
				CLANG_WARN_UNREACHABLE_CODE = YES;
				CLANG_WARN__DUPLICATE_METHOD_MATCH = YES;
				COPY_PHASE_STRIP = NO;
				DEBUG_INFORMATION_FORMAT = dwarf;
				ENABLE_STRICT_OBJC_MSGSEND = YES;
				ENABLE_TESTABILITY = YES;
				GCC_C_LANGUAGE_STANDARD = gnu11;
				GCC_DYNAMIC_NO_PIC = NO;
				GCC_NO_COMMON_BLOCKS = YES;
				GCC_OPTIMIZATION_LEVEL = 0;
				GCC_PREPROCESSOR_DEFINITIONS = (
					"DEBUG=1",
					"$(inherited)",
				);
				GCC_WARN_64_TO_32_BIT_CONVERSION = YES;
				GCC_WARN_ABOUT_RETURN_TYPE = YES_ERROR;
				GCC_WARN_UNDECLARED_SELECTOR = YES;
				GCC_WARN_UNINITIALIZED_AUTOS = YES_AGGRESSIVE;
				GCC_WARN_UNUSED_FUNCTION = YES;
				GCC_WARN_UNUSED_VARIABLE = YES;
				LIBRARY_SEARCH_PATHS = /opt/homebrew/lib;
				MACOSX_DEPLOYMENT_TARGET = 13.1;
				MTL_ENABLE_DEBUG_INFO = INCLUDE_SOURCE;
				MTL_FAST_MATH = YES;
				ONLY_ACTIVE_ARCH = YES;
				SDKROOT = macosx;
				SYSTEM_HEADER_SEARCH_PATHS = /opt/homebrew/include;
			};
			name = Debug;
		};
		FF3DAFFD29950359006AA21A /* Release */ = {
			isa = XCBuildConfiguration;
			buildSettings = {
				ALWAYS_SEARCH_USER_PATHS = NO;
				CLANG_ANALYZER_NONNULL = YES;
				CLANG_ANALYZER_NUMBER_OBJECT_CONVERSION = YES_AGGRESSIVE;
				CLANG_CXX_LANGUAGE_STANDARD = "gnu++20";
				CLANG_ENABLE_MODULES = YES;
				CLANG_ENABLE_OBJC_ARC = YES;
				CLANG_ENABLE_OBJC_WEAK = YES;
				CLANG_WARN_BLOCK_CAPTURE_AUTORELEASING = YES;
				CLANG_WARN_BOOL_CONVERSION = YES;
				CLANG_WARN_COMMA = YES;
				CLANG_WARN_CONSTANT_CONVERSION = YES;
				CLANG_WARN_DEPRECATED_OBJC_IMPLEMENTATIONS = YES;
				CLANG_WARN_DIRECT_OBJC_ISA_USAGE = YES_ERROR;
				CLANG_WARN_DOCUMENTATION_COMMENTS = YES;
				CLANG_WARN_EMPTY_BODY = YES;
				CLANG_WARN_ENUM_CONVERSION = YES;
				CLANG_WARN_INFINITE_RECURSION = YES;
				CLANG_WARN_INT_CONVERSION = YES;
				CLANG_WARN_NON_LITERAL_NULL_CONVERSION = YES;
				CLANG_WARN_OBJC_IMPLICIT_RETAIN_SELF = YES;
				CLANG_WARN_OBJC_LITERAL_CONVERSION = YES;
				CLANG_WARN_OBJC_ROOT_CLASS = YES_ERROR;
				CLANG_WARN_QUOTED_INCLUDE_IN_FRAMEWORK_HEADER = YES;
				CLANG_WARN_RANGE_LOOP_ANALYSIS = YES;
				CLANG_WARN_STRICT_PROTOTYPES = YES;
				CLANG_WARN_SUSPICIOUS_MOVE = YES;
				CLANG_WARN_UNGUARDED_AVAILABILITY = YES_AGGRESSIVE;
				CLANG_WARN_UNREACHABLE_CODE = YES;
				CLANG_WARN__DUPLICATE_METHOD_MATCH = YES;
				COPY_PHASE_STRIP = NO;
				DEBUG_INFORMATION_FORMAT = "dwarf-with-dsym";
				ENABLE_NS_ASSERTIONS = NO;
				ENABLE_STRICT_OBJC_MSGSEND = YES;
				GCC_C_LANGUAGE_STANDARD = gnu11;
				GCC_NO_COMMON_BLOCKS = YES;
				GCC_WARN_64_TO_32_BIT_CONVERSION = YES;
				GCC_WARN_ABOUT_RETURN_TYPE = YES_ERROR;
				GCC_WARN_UNDECLARED_SELECTOR = YES;
				GCC_WARN_UNINITIALIZED_AUTOS = YES_AGGRESSIVE;
				GCC_WARN_UNUSED_FUNCTION = YES;
				GCC_WARN_UNUSED_VARIABLE = YES;
				LIBRARY_SEARCH_PATHS = /opt/homebrew/lib;
				MACOSX_DEPLOYMENT_TARGET = 13.1;
				MTL_ENABLE_DEBUG_INFO = NO;
				MTL_FAST_MATH = YES;
				SDKROOT = macosx;
				SYSTEM_HEADER_SEARCH_PATHS = /opt/homebrew/include;
			};
			name = Release;
		};
		FF3DAFFF29950359006AA21A /* Debug */ = {
			isa = XCBuildConfiguration;
			buildSettings = {
				CODE_SIGN_STYLE = Automatic;
				PRODUCT_NAME = "$(TARGET_NAME)";
			};
			name = Debug;
		};
		FF3DB00029950359006AA21A /* Release */ = {
			isa = XCBuildConfiguration;
			buildSettings = {
				CODE_SIGN_STYLE = Automatic;
				PRODUCT_NAME = "$(TARGET_NAME)";
			};
			name = Release;
		};
		FF3DB00A29950925006AA21A /* Debug */ = {
			isa = XCBuildConfiguration;
			buildSettings = {
				CODE_SIGN_STYLE = Automatic;
				PRODUCT_NAME = "$(TARGET_NAME)";
			};
			name = Debug;
		};
		FF3DB00B29950925006AA21A /* Release */ = {
			isa = XCBuildConfiguration;
			buildSettings = {
				CODE_SIGN_STYLE = Automatic;
				PRODUCT_NAME = "$(TARGET_NAME)";
			};
			name = Release;
		};
/* End XCBuildConfiguration section */

/* Begin XCConfigurationList section */
		FF31F02129951282006D602B /* Build configuration list for PBXNativeTarget "static_lib" */ = {
			isa = XCConfigurationList;
			buildConfigurations = (
				FF31F01F29951282006D602B /* Debug */,
				FF31F02029951282006D602B /* Release */,
			);
			defaultConfigurationIsVisible = 0;
			defaultConfigurationName = Release;
		};
		FF3DAFF229950359006AA21A /* Build configuration list for PBXProject "messing" */ = {
			isa = XCConfigurationList;
			buildConfigurations = (
				FF3DAFFC29950359006AA21A /* Debug */,
				FF3DAFFD29950359006AA21A /* Release */,
			);
			defaultConfigurationIsVisible = 0;
			defaultConfigurationName = Release;
		};
		FF3DAFFE29950359006AA21A /* Build configuration list for PBXNativeTarget "messing" */ = {
			isa = XCConfigurationList;
			buildConfigurations = (
				FF3DAFFF29950359006AA21A /* Debug */,
				FF3DB00029950359006AA21A /* Release */,
			);
			defaultConfigurationIsVisible = 0;
			defaultConfigurationName = Release;
		};
		FF3DB00929950925006AA21A /* Build configuration list for PBXNativeTarget "functor" */ = {
			isa = XCConfigurationList;
			buildConfigurations = (
				FF3DB00A29950925006AA21A /* Debug */,
				FF3DB00B29950925006AA21A /* Release */,
			);
			defaultConfigurationIsVisible = 0;
			defaultConfigurationName = Release;
		};
/* End XCConfigurationList section */
	};
	rootObject = FF3DAFEF29950359006AA21A /* Project object */;
}
