// !$*UTF8*$!
{
	archiveVersion = 1;
	classes = {
	};
	objectVersion = 56;
	objects = {

/* Begin PBXBuildFile section */
		FF69FBA4299B953F00D18B2E /* mass.h in Headers */ = {isa = PBXBuildFile; fileRef = FF69FB99299B953F00D18B2E /* mass.h */; };
		FF69FBA5299B953F00D18B2E /* space.h in Headers */ = {isa = PBXBuildFile; fileRef = FF69FB9A299B953F00D18B2E /* space.h */; };
		FF69FBA6299B953F00D18B2E /* body.h in Headers */ = {isa = PBXBuildFile; fileRef = FF69FB9B299B953F00D18B2E /* body.h */; };
		FF69FBA7299B953F00D18B2E /* spring.c in Sources */ = {isa = PBXBuildFile; fileRef = FF69FB9C299B953F00D18B2E /* spring.c */; };
		FF69FBA8299B953F00D18B2E /* plane.h in Headers */ = {isa = PBXBuildFile; fileRef = FF69FB9D299B953F00D18B2E /* plane.h */; };
		FF69FBA9299B953F00D18B2E /* space.c in Sources */ = {isa = PBXBuildFile; fileRef = FF69FB9E299B953F00D18B2E /* space.c */; };
		FF69FBAA299B953F00D18B2E /* mass.c in Sources */ = {isa = PBXBuildFile; fileRef = FF69FB9F299B953F00D18B2E /* mass.c */; };
		FF69FBAB299B953F00D18B2E /* spring.h in Headers */ = {isa = PBXBuildFile; fileRef = FF69FBA0299B953F00D18B2E /* spring.h */; };
		FF69FBAC299B953F00D18B2E /* body.c in Sources */ = {isa = PBXBuildFile; fileRef = FF69FBA1299B953F00D18B2E /* body.c */; };
		FF69FBAD299B953F00D18B2E /* vector.h in Headers */ = {isa = PBXBuildFile; fileRef = FF69FBA2299B953F00D18B2E /* vector.h */; };
		FF69FBAE299B953F00D18B2E /* plane.c in Sources */ = {isa = PBXBuildFile; fileRef = FF69FBA3299B953F00D18B2E /* plane.c */; };
		FF69FBB6299B975300D18B2E /* main.c in Sources */ = {isa = PBXBuildFile; fileRef = FF69FBB5299B975300D18B2E /* main.c */; };
		FF69FBBB299B981A00D18B2E /* libspring_mass.a in Frameworks */ = {isa = PBXBuildFile; fileRef = FF69FB91299B941100D18B2E /* libspring_mass.a */; };
		FF69FBBD299B995900D18B2E /* vector.c in Sources */ = {isa = PBXBuildFile; fileRef = FF69FBBC299B995900D18B2E /* vector.c */; };
/* End PBXBuildFile section */

/* Begin PBXCopyFilesBuildPhase section */
		FF69FBB1299B975300D18B2E /* CopyFiles */ = {
			isa = PBXCopyFilesBuildPhase;
			buildActionMask = 2147483647;
			dstPath = /usr/share/man/man1/;
			dstSubfolderSpec = 0;
			files = (
			);
			runOnlyForDeploymentPostprocessing = 1;
		};
/* End PBXCopyFilesBuildPhase section */

/* Begin PBXFileReference section */
		FF69FB91299B941100D18B2E /* libspring_mass.a */ = {isa = PBXFileReference; explicitFileType = archive.ar; includeInIndex = 0; path = libspring_mass.a; sourceTree = BUILT_PRODUCTS_DIR; };
		FF69FB99299B953F00D18B2E /* mass.h */ = {isa = PBXFileReference; fileEncoding = 4; lastKnownFileType = sourcecode.c.h; path = mass.h; sourceTree = "<group>"; };
		FF69FB9A299B953F00D18B2E /* space.h */ = {isa = PBXFileReference; fileEncoding = 4; lastKnownFileType = sourcecode.c.h; path = space.h; sourceTree = "<group>"; };
		FF69FB9B299B953F00D18B2E /* body.h */ = {isa = PBXFileReference; fileEncoding = 4; lastKnownFileType = sourcecode.c.h; path = body.h; sourceTree = "<group>"; };
		FF69FB9C299B953F00D18B2E /* spring.c */ = {isa = PBXFileReference; fileEncoding = 4; lastKnownFileType = sourcecode.c.c; path = spring.c; sourceTree = "<group>"; };
		FF69FB9D299B953F00D18B2E /* plane.h */ = {isa = PBXFileReference; fileEncoding = 4; lastKnownFileType = sourcecode.c.h; path = plane.h; sourceTree = "<group>"; };
		FF69FB9E299B953F00D18B2E /* space.c */ = {isa = PBXFileReference; fileEncoding = 4; lastKnownFileType = sourcecode.c.c; path = space.c; sourceTree = "<group>"; };
		FF69FB9F299B953F00D18B2E /* mass.c */ = {isa = PBXFileReference; fileEncoding = 4; lastKnownFileType = sourcecode.c.c; path = mass.c; sourceTree = "<group>"; };
		FF69FBA0299B953F00D18B2E /* spring.h */ = {isa = PBXFileReference; fileEncoding = 4; lastKnownFileType = sourcecode.c.h; path = spring.h; sourceTree = "<group>"; };
		FF69FBA1299B953F00D18B2E /* body.c */ = {isa = PBXFileReference; fileEncoding = 4; lastKnownFileType = sourcecode.c.c; path = body.c; sourceTree = "<group>"; };
		FF69FBA2299B953F00D18B2E /* vector.h */ = {isa = PBXFileReference; fileEncoding = 4; lastKnownFileType = sourcecode.c.h; path = vector.h; sourceTree = "<group>"; };
		FF69FBA3299B953F00D18B2E /* plane.c */ = {isa = PBXFileReference; fileEncoding = 4; lastKnownFileType = sourcecode.c.c; path = plane.c; sourceTree = "<group>"; };
		FF69FBB3299B975300D18B2E /* simulation */ = {isa = PBXFileReference; explicitFileType = "compiled.mach-o.executable"; includeInIndex = 0; path = simulation; sourceTree = BUILT_PRODUCTS_DIR; };
		FF69FBB5299B975300D18B2E /* main.c */ = {isa = PBXFileReference; lastKnownFileType = sourcecode.c.c; path = main.c; sourceTree = "<group>"; };
		FF69FBBC299B995900D18B2E /* vector.c */ = {isa = PBXFileReference; fileEncoding = 4; lastKnownFileType = sourcecode.c.c; path = vector.c; sourceTree = "<group>"; };
/* End PBXFileReference section */

/* Begin PBXFrameworksBuildPhase section */
		FF69FB8F299B941100D18B2E /* Frameworks */ = {
			isa = PBXFrameworksBuildPhase;
			buildActionMask = 2147483647;
			files = (
			);
			runOnlyForDeploymentPostprocessing = 0;
		};
		FF69FBB0299B975300D18B2E /* Frameworks */ = {
			isa = PBXFrameworksBuildPhase;
			buildActionMask = 2147483647;
			files = (
				FF69FBBB299B981A00D18B2E /* libspring_mass.a in Frameworks */,
			);
			runOnlyForDeploymentPostprocessing = 0;
		};
/* End PBXFrameworksBuildPhase section */

/* Begin PBXGroup section */
		FF69FB88299B941100D18B2E = {
			isa = PBXGroup;
			children = (
				FF69FBB4299B975300D18B2E /* simulation */,
				FF69FB98299B953F00D18B2E /* spring_mass */,
				FF69FB92299B941100D18B2E /* Products */,
				FF69FBBA299B981A00D18B2E /* Frameworks */,
			);
			sourceTree = "<group>";
		};
		FF69FB92299B941100D18B2E /* Products */ = {
			isa = PBXGroup;
			children = (
				FF69FB91299B941100D18B2E /* libspring_mass.a */,
				FF69FBB3299B975300D18B2E /* simulation */,
			);
			name = Products;
			sourceTree = "<group>";
		};
		FF69FB98299B953F00D18B2E /* spring_mass */ = {
			isa = PBXGroup;
			children = (
				FF69FB9E299B953F00D18B2E /* space.c */,
				FF69FB9A299B953F00D18B2E /* space.h */,
				FF69FB9F299B953F00D18B2E /* mass.c */,
				FF69FB99299B953F00D18B2E /* mass.h */,
				FF69FB9C299B953F00D18B2E /* spring.c */,
				FF69FBA0299B953F00D18B2E /* spring.h */,
				FF69FBA3299B953F00D18B2E /* plane.c */,
				FF69FB9D299B953F00D18B2E /* plane.h */,
				FF69FBA1299B953F00D18B2E /* body.c */,
				FF69FB9B299B953F00D18B2E /* body.h */,
				FF69FBBC299B995900D18B2E /* vector.c */,
				FF69FBA2299B953F00D18B2E /* vector.h */,
			);
			path = spring_mass;
			sourceTree = "<group>";
		};
		FF69FBB4299B975300D18B2E /* simulation */ = {
			isa = PBXGroup;
			children = (
				FF69FBB5299B975300D18B2E /* main.c */,
			);
			path = simulation;
			sourceTree = "<group>";
		};
		FF69FBBA299B981A00D18B2E /* Frameworks */ = {
			isa = PBXGroup;
			children = (
			);
			name = Frameworks;
			sourceTree = "<group>";
		};
/* End PBXGroup section */

/* Begin PBXHeadersBuildPhase section */
		FF69FB8D299B941100D18B2E /* Headers */ = {
			isa = PBXHeadersBuildPhase;
			buildActionMask = 2147483647;
			files = (
				FF69FBA4299B953F00D18B2E /* mass.h in Headers */,
				FF69FBA8299B953F00D18B2E /* plane.h in Headers */,
				FF69FBA6299B953F00D18B2E /* body.h in Headers */,
				FF69FBAD299B953F00D18B2E /* vector.h in Headers */,
				FF69FBA5299B953F00D18B2E /* space.h in Headers */,
				FF69FBAB299B953F00D18B2E /* spring.h in Headers */,
			);
			runOnlyForDeploymentPostprocessing = 0;
		};
/* End PBXHeadersBuildPhase section */

/* Begin PBXNativeTarget section */
		FF69FB90299B941100D18B2E /* spring_mass */ = {
			isa = PBXNativeTarget;
			buildConfigurationList = FF69FB95299B941100D18B2E /* Build configuration list for PBXNativeTarget "spring_mass" */;
			buildPhases = (
				FF69FB8D299B941100D18B2E /* Headers */,
				FF69FB8E299B941100D18B2E /* Sources */,
				FF69FB8F299B941100D18B2E /* Frameworks */,
			);
			buildRules = (
			);
			dependencies = (
			);
			name = spring_mass;
			productName = spring_mass;
			productReference = FF69FB91299B941100D18B2E /* libspring_mass.a */;
			productType = "com.apple.product-type.library.static";
		};
		FF69FBB2299B975300D18B2E /* simulation */ = {
			isa = PBXNativeTarget;
			buildConfigurationList = FF69FBB7299B975300D18B2E /* Build configuration list for PBXNativeTarget "simulation" */;
			buildPhases = (
				FF69FBAF299B975300D18B2E /* Sources */,
				FF69FBB0299B975300D18B2E /* Frameworks */,
				FF69FBB1299B975300D18B2E /* CopyFiles */,
			);
			buildRules = (
			);
			dependencies = (
			);
			name = simulation;
			productName = simulation;
			productReference = FF69FBB3299B975300D18B2E /* simulation */;
			productType = "com.apple.product-type.tool";
		};
/* End PBXNativeTarget section */

/* Begin PBXProject section */
		FF69FB89299B941100D18B2E /* Project object */ = {
			isa = PBXProject;
			attributes = {
				BuildIndependentTargetsInParallel = 1;
				LastUpgradeCheck = 1420;
				TargetAttributes = {
					FF69FB90299B941100D18B2E = {
						CreatedOnToolsVersion = 14.2;
					};
					FF69FBB2299B975300D18B2E = {
						CreatedOnToolsVersion = 14.2;
					};
				};
			};
			buildConfigurationList = FF69FB8C299B941100D18B2E /* Build configuration list for PBXProject "simulation" */;
			compatibilityVersion = "Xcode 14.0";
			developmentRegion = en;
			hasScannedForEncodings = 0;
			knownRegions = (
				en,
				Base,
			);
			mainGroup = FF69FB88299B941100D18B2E;
			productRefGroup = FF69FB92299B941100D18B2E /* Products */;
			projectDirPath = "";
			projectRoot = "";
			targets = (
				FF69FBB2299B975300D18B2E /* simulation */,
				FF69FB90299B941100D18B2E /* spring_mass */,
			);
		};
/* End PBXProject section */

/* Begin PBXSourcesBuildPhase section */
		FF69FB8E299B941100D18B2E /* Sources */ = {
			isa = PBXSourcesBuildPhase;
			buildActionMask = 2147483647;
			files = (
				FF69FBA9299B953F00D18B2E /* space.c in Sources */,
				FF69FBAC299B953F00D18B2E /* body.c in Sources */,
				FF69FBBD299B995900D18B2E /* vector.c in Sources */,
				FF69FBAA299B953F00D18B2E /* mass.c in Sources */,
				FF69FBA7299B953F00D18B2E /* spring.c in Sources */,
				FF69FBAE299B953F00D18B2E /* plane.c in Sources */,
			);
			runOnlyForDeploymentPostprocessing = 0;
		};
		FF69FBAF299B975300D18B2E /* Sources */ = {
			isa = PBXSourcesBuildPhase;
			buildActionMask = 2147483647;
			files = (
				FF69FBB6299B975300D18B2E /* main.c in Sources */,
			);
			runOnlyForDeploymentPostprocessing = 0;
		};
/* End PBXSourcesBuildPhase section */

/* Begin XCBuildConfiguration section */
		FF69FB93299B941100D18B2E /* Debug */ = {
			isa = XCBuildConfiguration;
			buildSettings = {
				ALWAYS_SEARCH_USER_PATHS = NO;
				CLANG_ANALYZER_NONNULL = YES;
				CLANG_ANALYZER_NUMBER_OBJECT_CONVERSION = YES_AGGRESSIVE;
				CLANG_CXX_LANGUAGE_STANDARD = "c++20";
				CLANG_ENABLE_MODULES = YES;
				CLANG_ENABLE_OBJC_ARC = YES;
				CLANG_ENABLE_OBJC_WEAK = YES;
				CLANG_WARN_BLOCK_CAPTURE_AUTORELEASING = YES;
				CLANG_WARN_BOOL_CONVERSION = YES;
				CLANG_WARN_COMMA = YES;
				CLANG_WARN_CONSTANT_CONVERSION = YES;
				CLANG_WARN_DEPRECATED_OBJC_IMPLEMENTATIONS = YES;
				CLANG_WARN_DIRECT_OBJC_ISA_USAGE = YES_ERROR;
				CLANG_WARN_DOCUMENTATION_COMMENTS = YES;
				CLANG_WARN_EMPTY_BODY = YES;
				CLANG_WARN_ENUM_CONVERSION = YES;
				CLANG_WARN_INFINITE_RECURSION = YES;
				CLANG_WARN_INT_CONVERSION = YES;
				CLANG_WARN_NON_LITERAL_NULL_CONVERSION = YES;
				CLANG_WARN_OBJC_IMPLICIT_RETAIN_SELF = YES;
				CLANG_WARN_OBJC_LITERAL_CONVERSION = YES;
				CLANG_WARN_OBJC_ROOT_CLASS = YES_ERROR;
				CLANG_WARN_QUOTED_INCLUDE_IN_FRAMEWORK_HEADER = YES;
				CLANG_WARN_RANGE_LOOP_ANALYSIS = YES;
				CLANG_WARN_STRICT_PROTOTYPES = YES;
				CLANG_WARN_SUSPICIOUS_MOVE = YES;
				CLANG_WARN_UNGUARDED_AVAILABILITY = YES_AGGRESSIVE;
				CLANG_WARN_UNREACHABLE_CODE = YES;
				CLANG_WARN__DUPLICATE_METHOD_MATCH = YES;
				COPY_PHASE_STRIP = NO;
				DEBUG_INFORMATION_FORMAT = dwarf;
				ENABLE_STRICT_OBJC_MSGSEND = YES;
				ENABLE_TESTABILITY = YES;
				GCC_C_LANGUAGE_STANDARD = c99;
				GCC_DYNAMIC_NO_PIC = NO;
				GCC_NO_COMMON_BLOCKS = YES;
				GCC_OPTIMIZATION_LEVEL = 0;
				GCC_PREPROCESSOR_DEFINITIONS = (
					"DEBUG=1",
					"$(inherited)",
				);
				GCC_WARN_64_TO_32_BIT_CONVERSION = YES;
				GCC_WARN_ABOUT_RETURN_TYPE = YES_ERROR;
				GCC_WARN_UNDECLARED_SELECTOR = YES;
				GCC_WARN_UNINITIALIZED_AUTOS = YES_AGGRESSIVE;
				GCC_WARN_UNUSED_FUNCTION = YES;
				GCC_WARN_UNUSED_VARIABLE = YES;
				MACOSX_DEPLOYMENT_TARGET = 13.1;
				MTL_ENABLE_DEBUG_INFO = INCLUDE_SOURCE;
				MTL_FAST_MATH = YES;
				ONLY_ACTIVE_ARCH = YES;
				SDKROOT = macosx;
			};
			name = Debug;
		};
		FF69FB94299B941100D18B2E /* Release */ = {
			isa = XCBuildConfiguration;
			buildSettings = {
				ALWAYS_SEARCH_USER_PATHS = NO;
				CLANG_ANALYZER_NONNULL = YES;
				CLANG_ANALYZER_NUMBER_OBJECT_CONVERSION = YES_AGGRESSIVE;
				CLANG_CXX_LANGUAGE_STANDARD = "c++20";
				CLANG_ENABLE_MODULES = YES;
				CLANG_ENABLE_OBJC_ARC = YES;
				CLANG_ENABLE_OBJC_WEAK = YES;
				CLANG_WARN_BLOCK_CAPTURE_AUTORELEASING = YES;
				CLANG_WARN_BOOL_CONVERSION = YES;
				CLANG_WARN_COMMA = YES;
				CLANG_WARN_CONSTANT_CONVERSION = YES;
				CLANG_WARN_DEPRECATED_OBJC_IMPLEMENTATIONS = YES;
				CLANG_WARN_DIRECT_OBJC_ISA_USAGE = YES_ERROR;
				CLANG_WARN_DOCUMENTATION_COMMENTS = YES;
				CLANG_WARN_EMPTY_BODY = YES;
				CLANG_WARN_ENUM_CONVERSION = YES;
				CLANG_WARN_INFINITE_RECURSION = YES;
				CLANG_WARN_INT_CONVERSION = YES;
				CLANG_WARN_NON_LITERAL_NULL_CONVERSION = YES;
				CLANG_WARN_OBJC_IMPLICIT_RETAIN_SELF = YES;
				CLANG_WARN_OBJC_LITERAL_CONVERSION = YES;
				CLANG_WARN_OBJC_ROOT_CLASS = YES_ERROR;
				CLANG_WARN_QUOTED_INCLUDE_IN_FRAMEWORK_HEADER = YES;
				CLANG_WARN_RANGE_LOOP_ANALYSIS = YES;
				CLANG_WARN_STRICT_PROTOTYPES = YES;
				CLANG_WARN_SUSPICIOUS_MOVE = YES;
				CLANG_WARN_UNGUARDED_AVAILABILITY = YES_AGGRESSIVE;
				CLANG_WARN_UNREACHABLE_CODE = YES;
				CLANG_WARN__DUPLICATE_METHOD_MATCH = YES;
				COPY_PHASE_STRIP = NO;
				DEBUG_INFORMATION_FORMAT = "dwarf-with-dsym";
				ENABLE_NS_ASSERTIONS = NO;
				ENABLE_STRICT_OBJC_MSGSEND = YES;
				GCC_C_LANGUAGE_STANDARD = c99;
				GCC_NO_COMMON_BLOCKS = YES;
				GCC_WARN_64_TO_32_BIT_CONVERSION = YES;
				GCC_WARN_ABOUT_RETURN_TYPE = YES_ERROR;
				GCC_WARN_UNDECLARED_SELECTOR = YES;
				GCC_WARN_UNINITIALIZED_AUTOS = YES_AGGRESSIVE;
				GCC_WARN_UNUSED_FUNCTION = YES;
				GCC_WARN_UNUSED_VARIABLE = YES;
				MACOSX_DEPLOYMENT_TARGET = 13.1;
				MTL_ENABLE_DEBUG_INFO = NO;
				MTL_FAST_MATH = YES;
				SDKROOT = macosx;
			};
			name = Release;
		};
		FF69FB96299B941100D18B2E /* Debug */ = {
			isa = XCBuildConfiguration;
			buildSettings = {
				CODE_SIGN_STYLE = Automatic;
				DEVELOPMENT_TEAM = 5F9CYF5K3F;
				EXECUTABLE_PREFIX = lib;
				PRODUCT_NAME = "$(TARGET_NAME)";
				SKIP_INSTALL = YES;
			};
			name = Debug;
		};
		FF69FB97299B941100D18B2E /* Release */ = {
			isa = XCBuildConfiguration;
			buildSettings = {
				CODE_SIGN_STYLE = Automatic;
				DEVELOPMENT_TEAM = 5F9CYF5K3F;
				EXECUTABLE_PREFIX = lib;
				PRODUCT_NAME = "$(TARGET_NAME)";
				SKIP_INSTALL = YES;
			};
			name = Release;
		};
		FF69FBB8299B975300D18B2E /* Debug */ = {
			isa = XCBuildConfiguration;
			buildSettings = {
				CLANG_CXX_LANGUAGE_STANDARD = "gnu++20";
				CODE_SIGN_STYLE = Automatic;
				DEVELOPMENT_TEAM = 5F9CYF5K3F;
				ENABLE_HARDENED_RUNTIME = YES;
				GCC_C_LANGUAGE_STANDARD = gnu11;
				PRODUCT_NAME = "$(TARGET_NAME)";
			};
			name = Debug;
		};
		FF69FBB9299B975300D18B2E /* Release */ = {
			isa = XCBuildConfiguration;
			buildSettings = {
				CLANG_CXX_LANGUAGE_STANDARD = "gnu++20";
				CODE_SIGN_STYLE = Automatic;
				DEVELOPMENT_TEAM = 5F9CYF5K3F;
				ENABLE_HARDENED_RUNTIME = YES;
				GCC_C_LANGUAGE_STANDARD = gnu11;
				PRODUCT_NAME = "$(TARGET_NAME)";
			};
			name = Release;
		};
/* End XCBuildConfiguration section */

/* Begin XCConfigurationList section */
		FF69FB8C299B941100D18B2E /* Build configuration list for PBXProject "simulation" */ = {
			isa = XCConfigurationList;
			buildConfigurations = (
				FF69FB93299B941100D18B2E /* Debug */,
				FF69FB94299B941100D18B2E /* Release */,
			);
			defaultConfigurationIsVisible = 0;
			defaultConfigurationName = Release;
		};
		FF69FB95299B941100D18B2E /* Build configuration list for PBXNativeTarget "spring_mass" */ = {
			isa = XCConfigurationList;
			buildConfigurations = (
				FF69FB96299B941100D18B2E /* Debug */,
				FF69FB97299B941100D18B2E /* Release */,
			);
			defaultConfigurationIsVisible = 0;
			defaultConfigurationName = Release;
		};
		FF69FBB7299B975300D18B2E /* Build configuration list for PBXNativeTarget "simulation" */ = {
			isa = XCConfigurationList;
			buildConfigurations = (
				FF69FBB8299B975300D18B2E /* Debug */,
				FF69FBB9299B975300D18B2E /* Release */,
			);
			defaultConfigurationIsVisible = 0;
			defaultConfigurationName = Release;
		};
/* End XCConfigurationList section */
	};
	rootObject = FF69FB89299B941100D18B2E /* Project object */;
}
