// !$*UTF8*$!
{
	archiveVersion = 1;
	classes = {
	};
	objectVersion = 56;
	objects = {

/* Begin PBXBuildFile section */
		FFAE363D2993B13100BEFC69 /* telnet_server.cc in Sources */ = {isa = PBXBuildFile; fileRef = FFAE363A2993B13100BEFC69 /* telnet_server.cc */; };
		FFAE363E2993B13100BEFC69 /* telnet_session.cc in Sources */ = {isa = PBXBuildFile; fileRef = FFAE363B2993B13100BEFC69 /* telnet_session.cc */; };
		FFAE36422993B1B900BEFC69 /* telnet_server.cc in Sources */ = {isa = PBXBuildFile; fileRef = FFAE363A2993B13100BEFC69 /* telnet_server.cc */; };
		FFAE36432993B1BC00BEFC69 /* telnet_session.cc in Sources */ = {isa = PBXBuildFile; fileRef = FFAE363B2993B13100BEFC69 /* telnet_session.cc */; };
		FFAE36442993B1DD00BEFC69 /* main.cc in Sources */ = {isa = PBXBuildFile; fileRef = FFAE363C2993B13100BEFC69 /* main.cc */; };
/* End PBXBuildFile section */

/* Begin PBXCopyFilesBuildPhase section */
		FFAE36232993AF3300BEFC69 /* CopyFiles */ = {
			isa = PBXCopyFilesBuildPhase;
			buildActionMask = 2147483647;
			dstPath = /usr/share/man/man1/;
			dstSubfolderSpec = 0;
			files = (
			);
			runOnlyForDeploymentPostprocessing = 1;
		};
		FFAE36312993B0EC00BEFC69 /* CopyFiles */ = {
			isa = PBXCopyFilesBuildPhase;
			buildActionMask = 2147483647;
			dstPath = /usr/share/man/man1/;
			dstSubfolderSpec = 0;
			files = (
			);
			runOnlyForDeploymentPostprocessing = 1;
		};
/* End PBXCopyFilesBuildPhase section */

/* Begin PBXFileReference section */
		FFAE36252993AF3300BEFC69 /* bbs */ = {isa = PBXFileReference; explicitFileType = "compiled.mach-o.executable"; includeInIndex = 0; path = bbs; sourceTree = BUILT_PRODUCTS_DIR; };
		FFAE36332993B0EC00BEFC69 /* telnet */ = {isa = PBXFileReference; explicitFileType = "compiled.mach-o.executable"; includeInIndex = 0; path = telnet; sourceTree = BUILT_PRODUCTS_DIR; };
		FFAE363A2993B13100BEFC69 /* telnet_server.cc */ = {isa = PBXFileReference; fileEncoding = 4; lastKnownFileType = sourcecode.cpp.cpp; name = telnet_server.cc; path = telnet/src/telnet_server.cc; sourceTree = "<group>"; };
		FFAE363B2993B13100BEFC69 /* telnet_session.cc */ = {isa = PBXFileReference; fileEncoding = 4; lastKnownFileType = sourcecode.cpp.cpp; name = telnet_session.cc; path = telnet/src/telnet_session.cc; sourceTree = "<group>"; };
		FFAE363C2993B13100BEFC69 /* main.cc */ = {isa = PBXFileReference; fileEncoding = 4; lastKnownFileType = sourcecode.cpp.cpp; name = main.cc; path = src/main.cc; sourceTree = "<group>"; };
		FFAE36402993B17C00BEFC69 /* telnet_session.h */ = {isa = PBXFileReference; lastKnownFileType = sourcecode.c.h; name = telnet_session.h; path = telnet/include/telnet_session.h; sourceTree = "<group>"; };
		FFAE36412993B17C00BEFC69 /* telnet_server.h */ = {isa = PBXFileReference; lastKnownFileType = sourcecode.c.h; name = telnet_server.h; path = telnet/include/telnet_server.h; sourceTree = "<group>"; };
/* End PBXFileReference section */

/* Begin PBXFrameworksBuildPhase section */
		FFAE36222993AF3300BEFC69 /* Frameworks */ = {
			isa = PBXFrameworksBuildPhase;
			buildActionMask = 2147483647;
			files = (
			);
			runOnlyForDeploymentPostprocessing = 0;
		};
		FFAE36302993B0EC00BEFC69 /* Frameworks */ = {
			isa = PBXFrameworksBuildPhase;
			buildActionMask = 2147483647;
			files = (
			);
			runOnlyForDeploymentPostprocessing = 0;
		};
/* End PBXFrameworksBuildPhase section */

/* Begin PBXGroup section */
		FFAE361C2993AF3200BEFC69 = {
			isa = PBXGroup;
			children = (
				FFAE36452993B45B00BEFC69 /* telnet */,
				FFAE36272993AF3300BEFC69 /* bbs */,
				FFAE36262993AF3300BEFC69 /* Products */,
			);
			sourceTree = "<group>";
		};
		FFAE36262993AF3300BEFC69 /* Products */ = {
			isa = PBXGroup;
			children = (
				FFAE36252993AF3300BEFC69 /* bbs */,
				FFAE36332993B0EC00BEFC69 /* telnet */,
			);
			name = Products;
			sourceTree = "<group>";
		};
		FFAE36272993AF3300BEFC69 /* bbs */ = {
			isa = PBXGroup;
			children = (
				FFAE363A2993B13100BEFC69 /* telnet_server.cc */,
				FFAE36412993B17C00BEFC69 /* telnet_server.h */,
				FFAE363B2993B13100BEFC69 /* telnet_session.cc */,
				FFAE36402993B17C00BEFC69 /* telnet_session.h */,
			);
			path = bbs;
			sourceTree = "<group>";
		};
		FFAE36452993B45B00BEFC69 /* telnet */ = {
			isa = PBXGroup;
			children = (
				FFAE363C2993B13100BEFC69 /* main.cc */,
			);
			name = telnet;
			path = bbs/telnet;
			sourceTree = "<group>";
		};
/* End PBXGroup section */

/* Begin PBXNativeTarget section */
		FFAE36242993AF3300BEFC69 /* bbs */ = {
			isa = PBXNativeTarget;
			buildConfigurationList = FFAE362C2993AF3300BEFC69 /* Build configuration list for PBXNativeTarget "bbs" */;
			buildPhases = (
				FFAE36212993AF3300BEFC69 /* Sources */,
				FFAE36222993AF3300BEFC69 /* Frameworks */,
				FFAE36232993AF3300BEFC69 /* CopyFiles */,
			);
			buildRules = (
			);
			dependencies = (
			);
			name = bbs;
			productName = bbs;
			productReference = FFAE36252993AF3300BEFC69 /* bbs */;
			productType = "com.apple.product-type.tool";
		};
		FFAE36322993B0EC00BEFC69 /* telnet */ = {
			isa = PBXNativeTarget;
			buildConfigurationList = FFAE36392993B0EC00BEFC69 /* Build configuration list for PBXNativeTarget "telnet" */;
			buildPhases = (
				FFAE362F2993B0EC00BEFC69 /* Sources */,
				FFAE36302993B0EC00BEFC69 /* Frameworks */,
				FFAE36312993B0EC00BEFC69 /* CopyFiles */,
			);
			buildRules = (
			);
			dependencies = (
			);
			name = telnet;
			productName = telnet;
			productReference = FFAE36332993B0EC00BEFC69 /* telnet */;
			productType = "com.apple.product-type.tool";
		};
/* End PBXNativeTarget section */

/* Begin PBXProject section */
		FFAE361D2993AF3200BEFC69 /* Project object */ = {
			isa = PBXProject;
			attributes = {
				BuildIndependentTargetsInParallel = 1;
				LastUpgradeCheck = 1420;
				TargetAttributes = {
					FFAE36242993AF3300BEFC69 = {
						CreatedOnToolsVersion = 14.2;
					};
					FFAE36322993B0EC00BEFC69 = {
						CreatedOnToolsVersion = 14.2;
					};
				};
			};
			buildConfigurationList = FFAE36202993AF3200BEFC69 /* Build configuration list for PBXProject "bbs" */;
			compatibilityVersion = "Xcode 14.0";
			developmentRegion = en;
			hasScannedForEncodings = 0;
			knownRegions = (
				en,
				Base,
			);
			mainGroup = FFAE361C2993AF3200BEFC69;
			productRefGroup = FFAE36262993AF3300BEFC69 /* Products */;
			projectDirPath = "";
			projectRoot = "";
			targets = (
				FFAE36242993AF3300BEFC69 /* bbs */,
				FFAE36322993B0EC00BEFC69 /* telnet */,
			);
		};
/* End PBXProject section */

/* Begin PBXSourcesBuildPhase section */
		FFAE36212993AF3300BEFC69 /* Sources */ = {
			isa = PBXSourcesBuildPhase;
			buildActionMask = 2147483647;
			files = (
				FFAE363D2993B13100BEFC69 /* telnet_server.cc in Sources */,
				FFAE363E2993B13100BEFC69 /* telnet_session.cc in Sources */,
			);
			runOnlyForDeploymentPostprocessing = 0;
		};
		FFAE362F2993B0EC00BEFC69 /* Sources */ = {
			isa = PBXSourcesBuildPhase;
			buildActionMask = 2147483647;
			files = (
				FFAE36442993B1DD00BEFC69 /* main.cc in Sources */,
				FFAE36422993B1B900BEFC69 /* telnet_server.cc in Sources */,
				FFAE36432993B1BC00BEFC69 /* telnet_session.cc in Sources */,
			);
			runOnlyForDeploymentPostprocessing = 0;
		};
/* End PBXSourcesBuildPhase section */

/* Begin XCBuildConfiguration section */
		FFAE362A2993AF3300BEFC69 /* Debug */ = {
			isa = XCBuildConfiguration;
			buildSettings = {
				ALWAYS_SEARCH_USER_PATHS = NO;
				CLANG_ANALYZER_NONNULL = YES;
				CLANG_ANALYZER_NUMBER_OBJECT_CONVERSION = YES_AGGRESSIVE;
				CLANG_CXX_LANGUAGE_STANDARD = "gnu++20";
				CLANG_ENABLE_MODULES = YES;
				CLANG_ENABLE_OBJC_ARC = YES;
				CLANG_ENABLE_OBJC_WEAK = YES;
				CLANG_WARN_BLOCK_CAPTURE_AUTORELEASING = YES;
				CLANG_WARN_BOOL_CONVERSION = YES;
				CLANG_WARN_COMMA = YES;
				CLANG_WARN_CONSTANT_CONVERSION = YES;
				CLANG_WARN_DEPRECATED_OBJC_IMPLEMENTATIONS = YES;
				CLANG_WARN_DIRECT_OBJC_ISA_USAGE = YES_ERROR;
				CLANG_WARN_DOCUMENTATION_COMMENTS = YES;
				CLANG_WARN_EMPTY_BODY = YES;
				CLANG_WARN_ENUM_CONVERSION = YES;
				CLANG_WARN_INFINITE_RECURSION = YES;
				CLANG_WARN_INT_CONVERSION = YES;
				CLANG_WARN_NON_LITERAL_NULL_CONVERSION = YES;
				CLANG_WARN_OBJC_IMPLICIT_RETAIN_SELF = YES;
				CLANG_WARN_OBJC_LITERAL_CONVERSION = YES;
				CLANG_WARN_OBJC_ROOT_CLASS = YES_ERROR;
				CLANG_WARN_QUOTED_INCLUDE_IN_FRAMEWORK_HEADER = YES;
				CLANG_WARN_RANGE_LOOP_ANALYSIS = YES;
				CLANG_WARN_STRICT_PROTOTYPES = YES;
				CLANG_WARN_SUSPICIOUS_MOVE = YES;
				CLANG_WARN_UNGUARDED_AVAILABILITY = YES_AGGRESSIVE;
				CLANG_WARN_UNREACHABLE_CODE = YES;
				CLANG_WARN__DUPLICATE_METHOD_MATCH = YES;
				COPY_PHASE_STRIP = NO;
				DEBUG_INFORMATION_FORMAT = dwarf;
				ENABLE_STRICT_OBJC_MSGSEND = YES;
				ENABLE_TESTABILITY = YES;
				GCC_C_LANGUAGE_STANDARD = gnu11;
				GCC_DYNAMIC_NO_PIC = NO;
				GCC_NO_COMMON_BLOCKS = YES;
				GCC_OPTIMIZATION_LEVEL = 0;
				GCC_PREPROCESSOR_DEFINITIONS = (
					"DEBUG=1",
					"$(inherited)",
				);
				GCC_WARN_64_TO_32_BIT_CONVERSION = YES;
				GCC_WARN_ABOUT_RETURN_TYPE = YES_ERROR;
				GCC_WARN_UNDECLARED_SELECTOR = YES;
				GCC_WARN_UNINITIALIZED_AUTOS = YES_AGGRESSIVE;
				GCC_WARN_UNUSED_FUNCTION = YES;
				GCC_WARN_UNUSED_VARIABLE = YES;
				HEADER_SEARCH_PATHS = /opt/homebrew/include;
				LIBRARY_SEARCH_PATHS = /opt/homebrew/lib;
				MACOSX_DEPLOYMENT_TARGET = 13.0;
				MTL_ENABLE_DEBUG_INFO = INCLUDE_SOURCE;
				MTL_FAST_MATH = YES;
				ONLY_ACTIVE_ARCH = YES;
				SDKROOT = macosx;
			};
			name = Debug;
		};
		FFAE362B2993AF3300BEFC69 /* Release */ = {
			isa = XCBuildConfiguration;
			buildSettings = {
				ALWAYS_SEARCH_USER_PATHS = NO;
				CLANG_ANALYZER_NONNULL = YES;
				CLANG_ANALYZER_NUMBER_OBJECT_CONVERSION = YES_AGGRESSIVE;
				CLANG_CXX_LANGUAGE_STANDARD = "gnu++20";
				CLANG_ENABLE_MODULES = YES;
				CLANG_ENABLE_OBJC_ARC = YES;
				CLANG_ENABLE_OBJC_WEAK = YES;
				CLANG_WARN_BLOCK_CAPTURE_AUTORELEASING = YES;
				CLANG_WARN_BOOL_CONVERSION = YES;
				CLANG_WARN_COMMA = YES;
				CLANG_WARN_CONSTANT_CONVERSION = YES;
				CLANG_WARN_DEPRECATED_OBJC_IMPLEMENTATIONS = YES;
				CLANG_WARN_DIRECT_OBJC_ISA_USAGE = YES_ERROR;
				CLANG_WARN_DOCUMENTATION_COMMENTS = YES;
				CLANG_WARN_EMPTY_BODY = YES;
				CLANG_WARN_ENUM_CONVERSION = YES;
				CLANG_WARN_INFINITE_RECURSION = YES;
				CLANG_WARN_INT_CONVERSION = YES;
				CLANG_WARN_NON_LITERAL_NULL_CONVERSION = YES;
				CLANG_WARN_OBJC_IMPLICIT_RETAIN_SELF = YES;
				CLANG_WARN_OBJC_LITERAL_CONVERSION = YES;
				CLANG_WARN_OBJC_ROOT_CLASS = YES_ERROR;
				CLANG_WARN_QUOTED_INCLUDE_IN_FRAMEWORK_HEADER = YES;
				CLANG_WARN_RANGE_LOOP_ANALYSIS = YES;
				CLANG_WARN_STRICT_PROTOTYPES = YES;
				CLANG_WARN_SUSPICIOUS_MOVE = YES;
				CLANG_WARN_UNGUARDED_AVAILABILITY = YES_AGGRESSIVE;
				CLANG_WARN_UNREACHABLE_CODE = YES;
				CLANG_WARN__DUPLICATE_METHOD_MATCH = YES;
				COPY_PHASE_STRIP = NO;
				DEBUG_INFORMATION_FORMAT = "dwarf-with-dsym";
				ENABLE_NS_ASSERTIONS = NO;
				ENABLE_STRICT_OBJC_MSGSEND = YES;
				GCC_C_LANGUAGE_STANDARD = gnu11;
				GCC_NO_COMMON_BLOCKS = YES;
				GCC_WARN_64_TO_32_BIT_CONVERSION = YES;
				GCC_WARN_ABOUT_RETURN_TYPE = YES_ERROR;
				GCC_WARN_UNDECLARED_SELECTOR = YES;
				GCC_WARN_UNINITIALIZED_AUTOS = YES_AGGRESSIVE;
				GCC_WARN_UNUSED_FUNCTION = YES;
				GCC_WARN_UNUSED_VARIABLE = YES;
				HEADER_SEARCH_PATHS = /opt/homebrew/include;
				LIBRARY_SEARCH_PATHS = /opt/homebrew/lib;
				MACOSX_DEPLOYMENT_TARGET = 13.0;
				MTL_ENABLE_DEBUG_INFO = NO;
				MTL_FAST_MATH = YES;
				SDKROOT = macosx;
			};
			name = Release;
		};
		FFAE362D2993AF3300BEFC69 /* Debug */ = {
			isa = XCBuildConfiguration;
			buildSettings = {
				CODE_SIGN_STYLE = Automatic;
				DEVELOPMENT_TEAM = 5F9CYF5K3F;
				ENABLE_HARDENED_RUNTIME = YES;
				PRODUCT_NAME = "$(TARGET_NAME)";
			};
			name = Debug;
		};
		FFAE362E2993AF3300BEFC69 /* Release */ = {
			isa = XCBuildConfiguration;
			buildSettings = {
				CODE_SIGN_STYLE = Automatic;
				DEVELOPMENT_TEAM = 5F9CYF5K3F;
				ENABLE_HARDENED_RUNTIME = YES;
				PRODUCT_NAME = "$(TARGET_NAME)";
			};
			name = Release;
		};
		FFAE36372993B0EC00BEFC69 /* Debug */ = {
			isa = XCBuildConfiguration;
			buildSettings = {
				CODE_SIGN_STYLE = Automatic;
				DEVELOPMENT_TEAM = 5F9CYF5K3F;
				ENABLE_HARDENED_RUNTIME = YES;
				OTHER_LDFLAGS = "-lboost_program_options";
				PRODUCT_NAME = "$(TARGET_NAME)";
			};
			name = Debug;
		};
		FFAE36382993B0EC00BEFC69 /* Release */ = {
			isa = XCBuildConfiguration;
			buildSettings = {
				CODE_SIGN_STYLE = Automatic;
				DEVELOPMENT_TEAM = 5F9CYF5K3F;
				ENABLE_HARDENED_RUNTIME = YES;
				OTHER_LDFLAGS = "-lboost_program_options";
				PRODUCT_NAME = "$(TARGET_NAME)";
			};
			name = Release;
		};
/* End XCBuildConfiguration section */

/* Begin XCConfigurationList section */
		FFAE36202993AF3200BEFC69 /* Build configuration list for PBXProject "bbs" */ = {
			isa = XCConfigurationList;
			buildConfigurations = (
				FFAE362A2993AF3300BEFC69 /* Debug */,
				FFAE362B2993AF3300BEFC69 /* Release */,
			);
			defaultConfigurationIsVisible = 0;
			defaultConfigurationName = Release;
		};
		FFAE362C2993AF3300BEFC69 /* Build configuration list for PBXNativeTarget "bbs" */ = {
			isa = XCConfigurationList;
			buildConfigurations = (
				FFAE362D2993AF3300BEFC69 /* Debug */,
				FFAE362E2993AF3300BEFC69 /* Release */,
			);
			defaultConfigurationIsVisible = 0;
			defaultConfigurationName = Release;
		};
		FFAE36392993B0EC00BEFC69 /* Build configuration list for PBXNativeTarget "telnet" */ = {
			isa = XCConfigurationList;
			buildConfigurations = (
				FFAE36372993B0EC00BEFC69 /* Debug */,
				FFAE36382993B0EC00BEFC69 /* Release */,
			);
			defaultConfigurationIsVisible = 0;
			defaultConfigurationName = Release;
		};
/* End XCConfigurationList section */
	};
	rootObject = FFAE361D2993AF3200BEFC69 /* Project object */;
}
